
Microsoft Visual Studio Solution File, Format Version 12.00
# Visual Studio Version 16
VisualStudioVersion = 16.0.31205.134
MinimumVisualStudioVersion = 10.0.40219.1
Project("{9A19103F-16F7-4668-BE54-9A1E7A4F7556}") = "EuroDonetApi", "EuroDonetApi.csproj", "{1B448336-B6B0-452C-B322-76855F65C8BB}"
EndProject
Project("{2150E333-8FDC-42A3-9474-1A3956D46DE8}") = "TESTS", "TESTS", "{C570D532-6D48-41CF-8E22-9ADB6580B83E}"
EndProject
Project("{9A19103F-16F7-4668-BE54-9A1E7A4F7556}") = "API.TESTS", "API.TESTS\API.TESTS.csproj", "{DF592272-67E3-4D60-9153-76C1CCDC19CE}"
EndProject
Project("{2150E333-8FDC-42A3-9474-1A3956D46DE8}") = "LIBS", "LIBS", "{773829E1-6F56-420B-8A30-2CB9BC25BB67}"
EndProject
Project("{FAE04EC0-301F-11D3-BF4B-00C04F79EFBC}") = "API.Core.Framework", "API.Core.Framework\API.Core.Framework.csproj", "{509A9313-F919-422D-9187-E0E37ACFAF40}"
EndProject
Global
	GlobalSection(SolutionConfigurationPlatforms) = preSolution
		Debug|Any CPU = Debug|Any CPU
		Release|Any CPU = Release|Any CPU
	EndGlobalSection
	GlobalSection(ProjectConfigurationPlatforms) = postSolution
		{1B448336-B6B0-452C-B322-76855F65C8BB}.Debug|Any CPU.ActiveCfg = Debug|Any CPU
		{1B448336-B6B0-452C-B322-76855F65C8BB}.Debug|Any CPU.Build.0 = Debug|Any CPU
		{1B448336-B6B0-452C-B322-76855F65C8BB}.Release|Any CPU.ActiveCfg = Release|Any CPU
		{1B448336-B6B0-452C-B322-76855F65C8BB}.Release|Any CPU.Build.0 = Release|Any CPU
		{DF592272-67E3-4D60-9153-76C1CCDC19CE}.Debug|Any CPU.ActiveCfg = Debug|Any CPU
		{DF592272-67E3-4D60-9153-76C1CCDC19CE}.Debug|Any CPU.Build.0 = Debug|Any CPU
		{DF592272-67E3-4D60-9153-76C1CCDC19CE}.Release|Any CPU.ActiveCfg = Release|Any CPU
		{DF592272-67E3-4D60-9153-76C1CCDC19CE}.Release|Any CPU.Build.0 = Release|Any CPU
		{509A9313-F919-422D-9187-E0E37ACFAF40}.Debug|Any CPU.ActiveCfg = Debug|Any CPU
		{509A9313-F919-422D-9187-E0E37ACFAF40}.Debug|Any CPU.Build.0 = Debug|Any CPU
		{509A9313-F919-422D-9187-E0E37ACFAF40}.Release|Any CPU.ActiveCfg = Release|Any CPU
		{509A9313-F919-422D-9187-E0E37ACFAF40}.Release|Any CPU.Build.0 = Release|Any CPU
	EndGlobalSection
	GlobalSection(SolutionProperties) = preSolution
		HideSolutionNode = FALSE
	EndGlobalSection
	GlobalSection(NestedProjects) = preSolution
		{DF592272-67E3-4D60-9153-76C1CCDC19CE} = {C570D532-6D48-41CF-8E22-9ADB6580B83E}
		{509A9313-F919-422D-9187-E0E37ACFAF40} = {773829E1-6F56-420B-8A30-2CB9BC25BB67}
	EndGlobalSection
	GlobalSection(ExtensibilityGlobals) = postSolution
		SolutionGuid = {91909B2C-C7C4-47E7-A057-C2674DBEDA20}
	EndGlobalSection
EndGlobal
